
Microsoft Visual Studio Solution File, Format Version 12.00
# Visual Studio 15
VisualStudioVersion = 15.0.28307.168
MinimumVisualStudioVersion = 10.0.40219.1
Project("{2150E333-8FDC-42A3-9474-1A3956D46DE8}") = "3-Domain", "3-Domain", "{90036789-F47D-494E-9EBA-47B21F336231}"
EndProject
Project("{2150E333-8FDC-42A3-9474-1A3956D46DE8}") = "1-Presentation", "1-Presentation", "{FC8D241B-DFDD-4A05-BDC8-4B2E00D4219E}"
EndProject
Project("{2150E333-8FDC-42A3-9474-1A3956D46DE8}") = "2-APLICATION", "2-APLICATION", "{C2E19C2B-ECA6-449C-BA24-45BC7D58CD78}"
EndProject
Project("{2150E333-8FDC-42A3-9474-1A3956D46DE8}") = "4-INFRA", "4-INFRA", "{A87CBB72-F4CF-4F34-BF7B-C58DE1BB5211}"
EndProject
Global
	GlobalSection(SolutionProperties) = preSolution
		HideSolutionNode = FALSE
	EndGlobalSection
	GlobalSection(ExtensibilityGlobals) = postSolution
		SolutionGuid = {73FB7B23-01CB-4616-AD31-52B5B455AC21}
	EndGlobalSection
EndGlobal
